
Microsoft Visual Studio Solution File, Format Version 12.00
# Visual Studio 2013
VisualStudioVersion = 12.0.21005.1
MinimumVisualStudioVersion = 10.0.40219.1
Project("{FAE04EC0-301F-11D3-BF4B-00C04F79EFBC}") = "TestingProject", "TestingProject\TestingProject.csproj", "{E1104C0C-60B3-445E-AA3A-B3DA6B6A0DAB}"
EndProject
Project("{FAE04EC0-301F-11D3-BF4B-00C04F79EFBC}") = "TestingProject.Tests", "TestingProject.Tests\TestingProject.Tests.csproj", "{5975910E-7723-4A9A-A925-55F98E840BA5}"
EndProject
Global
	GlobalSection(SolutionConfigurationPlatforms) = preSolution
		Debug|Any CPU = Debug|Any CPU
		Release|Any CPU = Release|Any CPU
	EndGlobalSection
	GlobalSection(ProjectConfigurationPlatforms) = postSolution
		{E1104C0C-60B3-445E-AA3A-B3DA6B6A0DAB}.Debug|Any CPU.ActiveCfg = Debug|Any CPU
		{E1104C0C-60B3-445E-AA3A-B3DA6B6A0DAB}.Debug|Any CPU.Build.0 = Debug|Any CPU
		{E1104C0C-60B3-445E-AA3A-B3DA6B6A0DAB}.Release|Any CPU.ActiveCfg = Release|Any CPU
		{E1104C0C-60B3-445E-AA3A-B3DA6B6A0DAB}.Release|Any CPU.Build.0 = Release|Any CPU
		{5975910E-7723-4A9A-A925-55F98E840BA5}.Debug|Any CPU.ActiveCfg = Debug|Any CPU
		{5975910E-7723-4A9A-A925-55F98E840BA5}.Debug|Any CPU.Build.0 = Debug|Any CPU
		{5975910E-7723-4A9A-A925-55F98E840BA5}.Release|Any CPU.ActiveCfg = Release|Any CPU
		{5975910E-7723-4A9A-A925-55F98E840BA5}.Release|Any CPU.Build.0 = Release|Any CPU
	EndGlobalSection
	GlobalSection(SolutionProperties) = preSolution
		HideSolutionNode = FALSE
	EndGlobalSection
EndGlobal
